
Microsoft Visual Studio Solution File, Format Version 12.00
# Visual Studio Version 16
VisualStudioVersion = 16.0.28803.156
MinimumVisualStudioVersion = 14.0.23107.0
Project("{9A19103F-16F7-4668-BE54-9A1E7A4F7556}") = "ThirdPersonPlatformer.Windows", "ThirdPersonPlatformer\ThirdPersonPlatformer.Windows\ThirdPersonPlatformer.Windows.csproj", "{10E67382-8EDB-40A2-B7A4-7DCE6A556670}"
EndProject
Project("{2150E333-8FDC-42A3-9474-1A3956D46DE8}") = "ThirdPersonPlatformer", "ThirdPersonPlatformer", "{2F9F7FC9-862A-4602-93D7-E849F658E01E}"
EndProject
Project("{9A19103F-16F7-4668-BE54-9A1E7A4F7556}") = "ThirdPersonPlatformer.Game", "ThirdPersonPlatformer\ThirdPersonPlatformer.Game\ThirdPersonPlatformer.Game.csproj", "{6807D261-4AF2-405C-8EBF-D8A0B08C7801}"
EndProject
Global
	GlobalSection(SolutionConfigurationPlatforms) = preSolution
		AppStore|Any CPU = AppStore|Any CPU
		AppStore|Mixed Platforms = AppStore|Mixed Platforms
		AppStore|UWP-ARM = AppStore|UWP-ARM
		AppStore|UWP-x64 = AppStore|UWP-x64
		AppStore|UWP-x86 = AppStore|UWP-x86
		AppStore|Windows = AppStore|Windows
		Debug|Any CPU = Debug|Any CPU
		Debug|Mixed Platforms = Debug|Mixed Platforms
		Debug|UWP-ARM = Debug|UWP-ARM
		Debug|UWP-x64 = Debug|UWP-x64
		Debug|UWP-x86 = Debug|UWP-x86
		Debug|Windows = Debug|Windows
		Release|Any CPU = Release|Any CPU
		Release|Mixed Platforms = Release|Mixed Platforms
		Release|UWP-ARM = Release|UWP-ARM
		Release|UWP-x64 = Release|UWP-x64
		Release|UWP-x86 = Release|UWP-x86
		Release|Windows = Release|Windows
		Testing|Any CPU = Testing|Any CPU
		Testing|Mixed Platforms = Testing|Mixed Platforms
		Testing|UWP-ARM = Testing|UWP-ARM
		Testing|UWP-x64 = Testing|UWP-x64
		Testing|UWP-x86 = Testing|UWP-x86
		Testing|Windows = Testing|Windows
	EndGlobalSection
	GlobalSection(ProjectConfigurationPlatforms) = postSolution
		{10E67382-8EDB-40A2-B7A4-7DCE6A556670}.AppStore|Any CPU.ActiveCfg = Debug|Any CPU
		{10E67382-8EDB-40A2-B7A4-7DCE6A556670}.AppStore|Any CPU.Build.0 = Debug|Any CPU
		{10E67382-8EDB-40A2-B7A4-7DCE6A556670}.AppStore|Mixed Platforms.ActiveCfg = Debug|Any CPU
		{10E67382-8EDB-40A2-B7A4-7DCE6A556670}.AppStore|Mixed Platforms.Build.0 = Debug|Any CPU
		{10E67382-8EDB-40A2-B7A4-7DCE6A556670}.AppStore|UWP-ARM.ActiveCfg = Debug|Any CPU
		{10E67382-8EDB-40A2-B7A4-7DCE6A556670}.AppStore|UWP-ARM.Build.0 = Debug|Any CPU
		{10E67382-8EDB-40A2-B7A4-7DCE6A556670}.AppStore|UWP-x64.ActiveCfg = Debug|Any CPU
		{10E67382-8EDB-40A2-B7A4-7DCE6A556670}.AppStore|UWP-x64.Build.0 = Debug|Any CPU
		{10E67382-8EDB-40A2-B7A4-7DCE6A556670}.AppStore|UWP-x86.ActiveCfg = Debug|Any CPU
		{10E67382-8EDB-40A2-B7A4-7DCE6A556670}.AppStore|UWP-x86.Build.0 = Debug|Any CPU
		{10E67382-8EDB-40A2-B7A4-7DCE6A556670}.AppStore|Windows.ActiveCfg = Debug|Any CPU
		{10E67382-8EDB-40A2-B7A4-7DCE6A556670}.AppStore|Windows.Build.0 = Debug|Any CPU
		{10E67382-8EDB-40A2-B7A4-7DCE6A556670}.Debug|Any CPU.ActiveCfg = Debug|Any CPU
		{10E67382-8EDB-40A2-B7A4-7DCE6A556670}.Debug|Any CPU.Build.0 = Debug|Any CPU
		{10E67382-8EDB-40A2-B7A4-7DCE6A556670}.Debug|Mixed Platforms.ActiveCfg = Debug|Any CPU
		{10E67382-8EDB-40A2-B7A4-7DCE6A556670}.Debug|Mixed Platforms.Build.0 = Debug|Any CPU
		{10E67382-8EDB-40A2-B7A4-7DCE6A556670}.Debug|UWP-ARM.ActiveCfg = Debug|Any CPU
		{10E67382-8EDB-40A2-B7A4-7DCE6A556670}.Debug|UWP-ARM.Build.0 = Debug|Any CPU
		{10E67382-8EDB-40A2-B7A4-7DCE6A556670}.Debug|UWP-x64.ActiveCfg = Debug|Any CPU
		{10E67382-8EDB-40A2-B7A4-7DCE6A556670}.Debug|UWP-x64.Build.0 = Debug|Any CPU
		{10E67382-8EDB-40A2-B7A4-7DCE6A556670}.Debug|UWP-x86.ActiveCfg = Debug|Any CPU
		{10E67382-8EDB-40A2-B7A4-7DCE6A556670}.Debug|UWP-x86.Build.0 = Debug|Any CPU
		{10E67382-8EDB-40A2-B7A4-7DCE6A556670}.Debug|Windows.ActiveCfg = Debug|Any CPU
		{10E67382-8EDB-40A2-B7A4-7DCE6A556670}.Debug|Windows.Build.0 = Debug|Any CPU
		{10E67382-8EDB-40A2-B7A4-7DCE6A556670}.Release|Any CPU.ActiveCfg = Release|Any CPU
		{10E67382-8EDB-40A2-B7A4-7DCE6A556670}.Release|Any CPU.Build.0 = Release|Any CPU
		{10E67382-8EDB-40A2-B7A4-7DCE6A556670}.Release|Mixed Platforms.ActiveCfg = Release|Any CPU
		{10E67382-8EDB-40A2-B7A4-7DCE6A556670}.Release|Mixed Platforms.Build.0 = Release|Any CPU
		{10E67382-8EDB-40A2-B7A4-7DCE6A556670}.Release|UWP-ARM.ActiveCfg = Release|Any CPU
		{10E67382-8EDB-40A2-B7A4-7DCE6A556670}.Release|UWP-ARM.Build.0 = Release|Any CPU
		{10E67382-8EDB-40A2-B7A4-7DCE6A556670}.Release|UWP-x64.ActiveCfg = Release|Any CPU
		{10E67382-8EDB-40A2-B7A4-7DCE6A556670}.Release|UWP-x64.Build.0 = Release|Any CPU
		{10E67382-8EDB-40A2-B7A4-7DCE6A556670}.Release|UWP-x86.ActiveCfg = Release|Any CPU
		{10E67382-8EDB-40A2-B7A4-7DCE6A556670}.Release|UWP-x86.Build.0 = Release|Any CPU
		{10E67382-8EDB-40A2-B7A4-7DCE6A556670}.Release|Windows.ActiveCfg = Release|Any CPU
		{10E67382-8EDB-40A2-B7A4-7DCE6A556670}.Release|Windows.Build.0 = Release|Any CPU
		{10E67382-8EDB-40A2-B7A4-7DCE6A556670}.Testing|Any CPU.ActiveCfg = Debug|Any CPU
		{10E67382-8EDB-40A2-B7A4-7DCE6A556670}.Testing|Any CPU.Build.0 = Debug|Any CPU
		{10E67382-8EDB-40A2-B7A4-7DCE6A556670}.Testing|Mixed Platforms.ActiveCfg = Debug|Any CPU
		{10E67382-8EDB-40A2-B7A4-7DCE6A556670}.Testing|Mixed Platforms.Build.0 = Debug|Any CPU
		{10E67382-8EDB-40A2-B7A4-7DCE6A556670}.Testing|UWP-ARM.ActiveCfg = Debug|Any CPU
		{10E67382-8EDB-40A2-B7A4-7DCE6A556670}.Testing|UWP-ARM.Build.0 = Debug|Any CPU
		{10E67382-8EDB-40A2-B7A4-7DCE6A556670}.Testing|UWP-x64.ActiveCfg = Debug|Any CPU
		{10E67382-8EDB-40A2-B7A4-7DCE6A556670}.Testing|UWP-x64.Build.0 = Debug|Any CPU
		{10E67382-8EDB-40A2-B7A4-7DCE6A556670}.Testing|UWP-x86.ActiveCfg = Debug|Any CPU
		{10E67382-8EDB-40A2-B7A4-7DCE6A556670}.Testing|UWP-x86.Build.0 = Debug|Any CPU
		{10E67382-8EDB-40A2-B7A4-7DCE6A556670}.Testing|Windows.ActiveCfg = Debug|Any CPU
		{10E67382-8EDB-40A2-B7A4-7DCE6A556670}.Testing|Windows.Build.0 = Debug|Any CPU
		{6807D261-4AF2-405C-8EBF-D8A0B08C7801}.AppStore|Any CPU.ActiveCfg = Release|Any CPU
		{6807D261-4AF2-405C-8EBF-D8A0B08C7801}.AppStore|Any CPU.Build.0 = Release|Any CPU
		{6807D261-4AF2-405C-8EBF-D8A0B08C7801}.AppStore|Mixed Platforms.ActiveCfg = Release|Any CPU
		{6807D261-4AF2-405C-8EBF-D8A0B08C7801}.AppStore|Mixed Platforms.Build.0 = Release|Any CPU
		{6807D261-4AF2-405C-8EBF-D8A0B08C7801}.AppStore|UWP-ARM.ActiveCfg = Debug|Any CPU
		{6807D261-4AF2-405C-8EBF-D8A0B08C7801}.AppStore|UWP-x64.ActiveCfg = Debug|Any CPU
		{6807D261-4AF2-405C-8EBF-D8A0B08C7801}.AppStore|UWP-x86.ActiveCfg = Debug|Any CPU
		{6807D261-4AF2-405C-8EBF-D8A0B08C7801}.AppStore|Windows.ActiveCfg = Release|Any CPU
		{6807D261-4AF2-405C-8EBF-D8A0B08C7801}.AppStore|Windows.Build.0 = Release|Any CPU
		{6807D261-4AF2-405C-8EBF-D8A0B08C7801}.Debug|Any CPU.ActiveCfg = Debug|Any CPU
		{6807D261-4AF2-405C-8EBF-D8A0B08C7801}.Debug|Any CPU.Build.0 = Debug|Any CPU
		{6807D261-4AF2-405C-8EBF-D8A0B08C7801}.Debug|Mixed Platforms.ActiveCfg = Debug|Any CPU
		{6807D261-4AF2-405C-8EBF-D8A0B08C7801}.Debug|Mixed Platforms.Build.0 = Debug|Any CPU
		{6807D261-4AF2-405C-8EBF-D8A0B08C7801}.Debug|UWP-ARM.ActiveCfg = Debug|Any CPU
		{6807D261-4AF2-405C-8EBF-D8A0B08C7801}.Debug|UWP-x64.ActiveCfg = Debug|Any CPU
		{6807D261-4AF2-405C-8EBF-D8A0B08C7801}.Debug|UWP-x86.ActiveCfg = Debug|Any CPU
		{6807D261-4AF2-405C-8EBF-D8A0B08C7801}.Debug|Windows.ActiveCfg = Debug|Any CPU
		{6807D261-4AF2-405C-8EBF-D8A0B08C7801}.Debug|Windows.Build.0 = Debug|Any CPU
		{6807D261-4AF2-405C-8EBF-D8A0B08C7801}.Release|Any CPU.ActiveCfg = Release|Any CPU
		{6807D261-4AF2-405C-8EBF-D8A0B08C7801}.Release|Any CPU.Build.0 = Release|Any CPU
		{6807D261-4AF2-405C-8EBF-D8A0B08C7801}.Release|Mixed Platforms.ActiveCfg = Release|Any CPU
		{6807D261-4AF2-405C-8EBF-D8A0B08C7801}.Release|Mixed Platforms.Build.0 = Release|Any CPU
		{6807D261-4AF2-405C-8EBF-D8A0B08C7801}.Release|UWP-ARM.ActiveCfg = Release|Any CPU
		{6807D261-4AF2-405C-8EBF-D8A0B08C7801}.Release|UWP-x64.ActiveCfg = Release|Any CPU
		{6807D261-4AF2-405C-8EBF-D8A0B08C7801}.Release|UWP-x86.ActiveCfg = Release|Any CPU
		{6807D261-4AF2-405C-8EBF-D8A0B08C7801}.Release|Windows.ActiveCfg = Release|Any CPU
		{6807D261-4AF2-405C-8EBF-D8A0B08C7801}.Release|Windows.Build.0 = Release|Any CPU
		{6807D261-4AF2-405C-8EBF-D8A0B08C7801}.Testing|Any CPU.ActiveCfg = Release|Any CPU
		{6807D261-4AF2-405C-8EBF-D8A0B08C7801}.Testing|Any CPU.Build.0 = Release|Any CPU
		{6807D261-4AF2-405C-8EBF-D8A0B08C7801}.Testing|Mixed Platforms.ActiveCfg = Release|Any CPU
		{6807D261-4AF2-405C-8EBF-D8A0B08C7801}.Testing|Mixed Platforms.Build.0 = Release|Any CPU
		{6807D261-4AF2-405C-8EBF-D8A0B08C7801}.Testing|UWP-ARM.ActiveCfg = Debug|Any CPU
		{6807D261-4AF2-405C-8EBF-D8A0B08C7801}.Testing|UWP-x64.ActiveCfg = Debug|Any CPU
		{6807D261-4AF2-405C-8EBF-D8A0B08C7801}.Testing|UWP-x86.ActiveCfg = Debug|Any CPU
		{6807D261-4AF2-405C-8EBF-D8A0B08C7801}.Testing|Windows.ActiveCfg = Release|Any CPU
		{6807D261-4AF2-405C-8EBF-D8A0B08C7801}.Testing|Windows.Build.0 = Release|Any CPU
	EndGlobalSection
	GlobalSection(SolutionProperties) = preSolution
		HideSolutionNode = FALSE
	EndGlobalSection
	GlobalSection(NestedProjects) = preSolution
		{6807D261-4AF2-405C-8EBF-D8A0B08C7801} = {2F9F7FC9-862A-4602-93D7-E849F658E01E}
	EndGlobalSection
	GlobalSection(ExtensibilityGlobals) = postSolution
		SolutionGuid = {88E65219-5A13-4338-AC3B-7466FE314716}
	EndGlobalSection
EndGlobal
