Microsoft Visual Studio Solution File, Format Version 12.00
# Visual Studio 15
VisualStudioVersion = 15.0.27130.0
MinimumVisualStudioVersion = 14.0.23107.0
Project("{2150E333-8FDC-42A3-9474-1A3956D46DE8}") = "ThirdPersonPlatformer", "ThirdPersonPlatformer", "{2F9F7FC9-862A-4602-93D7-E849F658E01E}"
	ProjectSection(XenkoPackage) = preProject
		ThirdPersonPlatformer/ThirdPersonPlatformer.xkpkg = ThirdPersonPlatformer/ThirdPersonPlatformer.xkpkg
	EndProjectSection
EndProject
Project("{9A19103F-16F7-4668-BE54-9A1E7A4F7556}") = "ThirdPersonPlatformer.Windows", "ThirdPersonPlatformer\ThirdPersonPlatformer.Windows\ThirdPersonPlatformer.Windows.csproj", "{117F24AE-0DB8-4DFE-9095-339E1A56CA6E}"
EndProject
Project("{9A19103F-16F7-4668-BE54-9A1E7A4F7556}") = "ThirdPersonPlatformer.Game", "ThirdPersonPlatformer\ThirdPersonPlatformer.Game\ThirdPersonPlatformer.Game.csproj", "{6807D261-4AF2-405C-8EBF-D8A0B08C7801}"
EndProject
Project("{FAE04EC0-301F-11D3-BF4B-00C04F79EFBC}") = "ThirdPersonPlatformer.UWP", "ThirdPersonPlatformer\ThirdPersonPlatformer.UWP\ThirdPersonPlatformer.UWP.csproj", "{9C4750FC-F821-44AF-A1F2-81AD971C133D}"
EndProject
Global
	GlobalSection(SolutionConfigurationPlatforms) = preSolution
		AppStore|Any CPU = AppStore|Any CPU
		AppStore|Mixed Platforms = AppStore|Mixed Platforms
		AppStore|UWP-ARM = AppStore|UWP-ARM
		AppStore|UWP-x64 = AppStore|UWP-x64
		AppStore|UWP-x86 = AppStore|UWP-x86
		AppStore|Windows = AppStore|Windows
		Debug|Any CPU = Debug|Any CPU
		Debug|Mixed Platforms = Debug|Mixed Platforms
		Debug|UWP-ARM = Debug|UWP-ARM
		Debug|UWP-x64 = Debug|UWP-x64
		Debug|UWP-x86 = Debug|UWP-x86
		Debug|Windows = Debug|Windows
		Release|Any CPU = Release|Any CPU
		Release|Mixed Platforms = Release|Mixed Platforms
		Release|UWP-ARM = Release|UWP-ARM
		Release|UWP-x64 = Release|UWP-x64
		Release|UWP-x86 = Release|UWP-x86
		Release|Windows = Release|Windows
		Testing|Any CPU = Testing|Any CPU
		Testing|Mixed Platforms = Testing|Mixed Platforms
		Testing|UWP-ARM = Testing|UWP-ARM
		Testing|UWP-x64 = Testing|UWP-x64
		Testing|UWP-x86 = Testing|UWP-x86
		Testing|Windows = Testing|Windows
	EndGlobalSection
	GlobalSection(ProjectConfigurationPlatforms) = postSolution
		{117F24AE-0DB8-4DFE-9095-339E1A56CA6E}.AppStore|Any CPU.ActiveCfg = Release|Any CPU
		{117F24AE-0DB8-4DFE-9095-339E1A56CA6E}.AppStore|Any CPU.Build.0 = Release|Any CPU
		{117F24AE-0DB8-4DFE-9095-339E1A56CA6E}.AppStore|Mixed Platforms.ActiveCfg = Release|Any CPU
		{117F24AE-0DB8-4DFE-9095-339E1A56CA6E}.AppStore|Mixed Platforms.Build.0 = Release|Any CPU
		{117F24AE-0DB8-4DFE-9095-339E1A56CA6E}.AppStore|UWP-ARM.ActiveCfg = Release|Any CPU
		{117F24AE-0DB8-4DFE-9095-339E1A56CA6E}.AppStore|UWP-ARM.Build.0 = Release|Any CPU
		{117F24AE-0DB8-4DFE-9095-339E1A56CA6E}.AppStore|UWP-x64.ActiveCfg = Release|Any CPU
		{117F24AE-0DB8-4DFE-9095-339E1A56CA6E}.AppStore|UWP-x64.Build.0 = Release|Any CPU
		{117F24AE-0DB8-4DFE-9095-339E1A56CA6E}.AppStore|UWP-x86.ActiveCfg = Release|Any CPU
		{117F24AE-0DB8-4DFE-9095-339E1A56CA6E}.AppStore|UWP-x86.Build.0 = Release|Any CPU
		{117F24AE-0DB8-4DFE-9095-339E1A56CA6E}.AppStore|Windows.ActiveCfg = Release|Any CPU
		{117F24AE-0DB8-4DFE-9095-339E1A56CA6E}.AppStore|Windows.Build.0 = Release|Any CPU
		{117F24AE-0DB8-4DFE-9095-339E1A56CA6E}.Debug|Any CPU.ActiveCfg = Debug|Any CPU
		{117F24AE-0DB8-4DFE-9095-339E1A56CA6E}.Debug|Any CPU.Build.0 = Debug|Any CPU
		{117F24AE-0DB8-4DFE-9095-339E1A56CA6E}.Debug|Any CPU.Deploy.0 = Debug|Any CPU
		{117F24AE-0DB8-4DFE-9095-339E1A56CA6E}.Debug|Mixed Platforms.ActiveCfg = Debug|Any CPU
		{117F24AE-0DB8-4DFE-9095-339E1A56CA6E}.Debug|Mixed Platforms.Build.0 = Debug|Any CPU
		{117F24AE-0DB8-4DFE-9095-339E1A56CA6E}.Debug|Mixed Platforms.Deploy.0 = Debug|Any CPU
		{117F24AE-0DB8-4DFE-9095-339E1A56CA6E}.Debug|UWP-ARM.ActiveCfg = Debug|Any CPU
		{117F24AE-0DB8-4DFE-9095-339E1A56CA6E}.Debug|UWP-x64.ActiveCfg = Debug|Any CPU
		{117F24AE-0DB8-4DFE-9095-339E1A56CA6E}.Debug|UWP-x86.ActiveCfg = Debug|Any CPU
		{117F24AE-0DB8-4DFE-9095-339E1A56CA6E}.Debug|Windows.ActiveCfg = Debug|Any CPU
		{117F24AE-0DB8-4DFE-9095-339E1A56CA6E}.Debug|Windows.Build.0 = Debug|Any CPU
		{117F24AE-0DB8-4DFE-9095-339E1A56CA6E}.Debug|Windows.Deploy.0 = Debug|Any CPU
		{117F24AE-0DB8-4DFE-9095-339E1A56CA6E}.Release|Any CPU.ActiveCfg = Release|Any CPU
		{117F24AE-0DB8-4DFE-9095-339E1A56CA6E}.Release|Any CPU.Build.0 = Release|Any CPU
		{117F24AE-0DB8-4DFE-9095-339E1A56CA6E}.Release|Any CPU.Deploy.0 = Release|Any CPU
		{117F24AE-0DB8-4DFE-9095-339E1A56CA6E}.Release|Mixed Platforms.ActiveCfg = Release|Any CPU
		{117F24AE-0DB8-4DFE-9095-339E1A56CA6E}.Release|Mixed Platforms.Build.0 = Release|Any CPU
		{117F24AE-0DB8-4DFE-9095-339E1A56CA6E}.Release|Mixed Platforms.Deploy.0 = Release|Any CPU
		{117F24AE-0DB8-4DFE-9095-339E1A56CA6E}.Release|UWP-ARM.ActiveCfg = Release|Any CPU
		{117F24AE-0DB8-4DFE-9095-339E1A56CA6E}.Release|UWP-x64.ActiveCfg = Release|Any CPU
		{117F24AE-0DB8-4DFE-9095-339E1A56CA6E}.Release|UWP-x86.ActiveCfg = Release|Any CPU
		{117F24AE-0DB8-4DFE-9095-339E1A56CA6E}.Release|Windows.ActiveCfg = Release|Any CPU
		{117F24AE-0DB8-4DFE-9095-339E1A56CA6E}.Release|Windows.Build.0 = Release|Any CPU
		{117F24AE-0DB8-4DFE-9095-339E1A56CA6E}.Release|Windows.Deploy.0 = Release|Any CPU
		{117F24AE-0DB8-4DFE-9095-339E1A56CA6E}.Testing|Any CPU.ActiveCfg = Release|Any CPU
		{117F24AE-0DB8-4DFE-9095-339E1A56CA6E}.Testing|Any CPU.Build.0 = Release|Any CPU
		{117F24AE-0DB8-4DFE-9095-339E1A56CA6E}.Testing|Mixed Platforms.ActiveCfg = Release|Any CPU
		{117F24AE-0DB8-4DFE-9095-339E1A56CA6E}.Testing|Mixed Platforms.Build.0 = Release|Any CPU
		{117F24AE-0DB8-4DFE-9095-339E1A56CA6E}.Testing|UWP-ARM.ActiveCfg = Release|Any CPU
		{117F24AE-0DB8-4DFE-9095-339E1A56CA6E}.Testing|UWP-ARM.Build.0 = Release|Any CPU
		{117F24AE-0DB8-4DFE-9095-339E1A56CA6E}.Testing|UWP-x64.ActiveCfg = Release|Any CPU
		{117F24AE-0DB8-4DFE-9095-339E1A56CA6E}.Testing|UWP-x64.Build.0 = Release|Any CPU
		{117F24AE-0DB8-4DFE-9095-339E1A56CA6E}.Testing|UWP-x86.ActiveCfg = Release|Any CPU
		{117F24AE-0DB8-4DFE-9095-339E1A56CA6E}.Testing|UWP-x86.Build.0 = Release|Any CPU
		{117F24AE-0DB8-4DFE-9095-339E1A56CA6E}.Testing|Windows.ActiveCfg = Release|Any CPU
		{117F24AE-0DB8-4DFE-9095-339E1A56CA6E}.Testing|Windows.Build.0 = Release|Any CPU
		{6807D261-4AF2-405C-8EBF-D8A0B08C7801}.AppStore|Any CPU.ActiveCfg = Release|Any CPU
		{6807D261-4AF2-405C-8EBF-D8A0B08C7801}.AppStore|Any CPU.Build.0 = Release|Any CPU
		{6807D261-4AF2-405C-8EBF-D8A0B08C7801}.AppStore|Mixed Platforms.ActiveCfg = Release|Any CPU
		{6807D261-4AF2-405C-8EBF-D8A0B08C7801}.AppStore|Mixed Platforms.Build.0 = Release|Any CPU
		{6807D261-4AF2-405C-8EBF-D8A0B08C7801}.AppStore|UWP-ARM.ActiveCfg = Debug|Any CPU
		{6807D261-4AF2-405C-8EBF-D8A0B08C7801}.AppStore|UWP-x64.ActiveCfg = Debug|Any CPU
		{6807D261-4AF2-405C-8EBF-D8A0B08C7801}.AppStore|UWP-x86.ActiveCfg = Debug|Any CPU
		{6807D261-4AF2-405C-8EBF-D8A0B08C7801}.AppStore|Windows.ActiveCfg = Release|Any CPU
		{6807D261-4AF2-405C-8EBF-D8A0B08C7801}.AppStore|Windows.Build.0 = Release|Any CPU
		{6807D261-4AF2-405C-8EBF-D8A0B08C7801}.Debug|Any CPU.ActiveCfg = Debug|Any CPU
		{6807D261-4AF2-405C-8EBF-D8A0B08C7801}.Debug|Any CPU.Build.0 = Debug|Any CPU
		{6807D261-4AF2-405C-8EBF-D8A0B08C7801}.Debug|Mixed Platforms.ActiveCfg = Debug|Any CPU
		{6807D261-4AF2-405C-8EBF-D8A0B08C7801}.Debug|Mixed Platforms.Build.0 = Debug|Any CPU
		{6807D261-4AF2-405C-8EBF-D8A0B08C7801}.Debug|UWP-ARM.ActiveCfg = Debug|Any CPU
		{6807D261-4AF2-405C-8EBF-D8A0B08C7801}.Debug|UWP-x64.ActiveCfg = Debug|Any CPU
		{6807D261-4AF2-405C-8EBF-D8A0B08C7801}.Debug|UWP-x86.ActiveCfg = Debug|Any CPU
		{6807D261-4AF2-405C-8EBF-D8A0B08C7801}.Debug|Windows.ActiveCfg = Debug|Any CPU
		{6807D261-4AF2-405C-8EBF-D8A0B08C7801}.Debug|Windows.Build.0 = Debug|Any CPU
		{6807D261-4AF2-405C-8EBF-D8A0B08C7801}.Release|Any CPU.ActiveCfg = Release|Any CPU
		{6807D261-4AF2-405C-8EBF-D8A0B08C7801}.Release|Any CPU.Build.0 = Release|Any CPU
		{6807D261-4AF2-405C-8EBF-D8A0B08C7801}.Release|Mixed Platforms.ActiveCfg = Release|Any CPU
		{6807D261-4AF2-405C-8EBF-D8A0B08C7801}.Release|Mixed Platforms.Build.0 = Release|Any CPU
		{6807D261-4AF2-405C-8EBF-D8A0B08C7801}.Release|UWP-ARM.ActiveCfg = Release|Any CPU
		{6807D261-4AF2-405C-8EBF-D8A0B08C7801}.Release|UWP-x64.ActiveCfg = Release|Any CPU
		{6807D261-4AF2-405C-8EBF-D8A0B08C7801}.Release|UWP-x86.ActiveCfg = Release|Any CPU
		{6807D261-4AF2-405C-8EBF-D8A0B08C7801}.Release|Windows.ActiveCfg = Release|Any CPU
		{6807D261-4AF2-405C-8EBF-D8A0B08C7801}.Release|Windows.Build.0 = Release|Any CPU
		{6807D261-4AF2-405C-8EBF-D8A0B08C7801}.Testing|Any CPU.ActiveCfg = Release|Any CPU
		{6807D261-4AF2-405C-8EBF-D8A0B08C7801}.Testing|Any CPU.Build.0 = Release|Any CPU
		{6807D261-4AF2-405C-8EBF-D8A0B08C7801}.Testing|Mixed Platforms.ActiveCfg = Release|Any CPU
		{6807D261-4AF2-405C-8EBF-D8A0B08C7801}.Testing|Mixed Platforms.Build.0 = Release|Any CPU
		{6807D261-4AF2-405C-8EBF-D8A0B08C7801}.Testing|UWP-ARM.ActiveCfg = Debug|Any CPU
		{6807D261-4AF2-405C-8EBF-D8A0B08C7801}.Testing|UWP-x64.ActiveCfg = Debug|Any CPU
		{6807D261-4AF2-405C-8EBF-D8A0B08C7801}.Testing|UWP-x86.ActiveCfg = Debug|Any CPU
		{6807D261-4AF2-405C-8EBF-D8A0B08C7801}.Testing|Windows.ActiveCfg = Release|Any CPU
		{6807D261-4AF2-405C-8EBF-D8A0B08C7801}.Testing|Windows.Build.0 = Release|Any CPU
		{9C4750FC-F821-44AF-A1F2-81AD971C133D}.AppStore|Any CPU.ActiveCfg = AppStore|x86
		{9C4750FC-F821-44AF-A1F2-81AD971C133D}.AppStore|Mixed Platforms.ActiveCfg = AppStore|x86
		{9C4750FC-F821-44AF-A1F2-81AD971C133D}.AppStore|Mixed Platforms.Build.0 = AppStore|x86
		{9C4750FC-F821-44AF-A1F2-81AD971C133D}.AppStore|Mixed Platforms.Deploy.0 = AppStore|x86
		{9C4750FC-F821-44AF-A1F2-81AD971C133D}.AppStore|UWP-ARM.ActiveCfg = AppStore|ARM
		{9C4750FC-F821-44AF-A1F2-81AD971C133D}.AppStore|UWP-ARM.Build.0 = AppStore|ARM
		{9C4750FC-F821-44AF-A1F2-81AD971C133D}.AppStore|UWP-ARM.Deploy.0 = AppStore|ARM
		{9C4750FC-F821-44AF-A1F2-81AD971C133D}.AppStore|UWP-x64.ActiveCfg = AppStore|x64
		{9C4750FC-F821-44AF-A1F2-81AD971C133D}.AppStore|UWP-x64.Build.0 = AppStore|x64
		{9C4750FC-F821-44AF-A1F2-81AD971C133D}.AppStore|UWP-x64.Deploy.0 = AppStore|x64
		{9C4750FC-F821-44AF-A1F2-81AD971C133D}.AppStore|UWP-x86.ActiveCfg = AppStore|x86
		{9C4750FC-F821-44AF-A1F2-81AD971C133D}.AppStore|UWP-x86.Build.0 = AppStore|x86
		{9C4750FC-F821-44AF-A1F2-81AD971C133D}.AppStore|UWP-x86.Deploy.0 = AppStore|x86
		{9C4750FC-F821-44AF-A1F2-81AD971C133D}.AppStore|Windows.ActiveCfg = AppStore|x86
		{9C4750FC-F821-44AF-A1F2-81AD971C133D}.Debug|Any CPU.ActiveCfg = Debug|x86
		{9C4750FC-F821-44AF-A1F2-81AD971C133D}.Debug|Mixed Platforms.ActiveCfg = Debug|x86
		{9C4750FC-F821-44AF-A1F2-81AD971C133D}.Debug|Mixed Platforms.Build.0 = Debug|x86
		{9C4750FC-F821-44AF-A1F2-81AD971C133D}.Debug|Mixed Platforms.Deploy.0 = Debug|x86
		{9C4750FC-F821-44AF-A1F2-81AD971C133D}.Debug|UWP-ARM.ActiveCfg = Debug|ARM
		{9C4750FC-F821-44AF-A1F2-81AD971C133D}.Debug|UWP-ARM.Build.0 = Debug|ARM
		{9C4750FC-F821-44AF-A1F2-81AD971C133D}.Debug|UWP-ARM.Deploy.0 = Debug|ARM
		{9C4750FC-F821-44AF-A1F2-81AD971C133D}.Debug|UWP-x64.ActiveCfg = Debug|x64
		{9C4750FC-F821-44AF-A1F2-81AD971C133D}.Debug|UWP-x64.Build.0 = Debug|x64
		{9C4750FC-F821-44AF-A1F2-81AD971C133D}.Debug|UWP-x64.Deploy.0 = Debug|x64
		{9C4750FC-F821-44AF-A1F2-81AD971C133D}.Debug|UWP-x86.ActiveCfg = Debug|x86
		{9C4750FC-F821-44AF-A1F2-81AD971C133D}.Debug|UWP-x86.Build.0 = Debug|x86
		{9C4750FC-F821-44AF-A1F2-81AD971C133D}.Debug|UWP-x86.Deploy.0 = Debug|x86
		{9C4750FC-F821-44AF-A1F2-81AD971C133D}.Debug|Windows.ActiveCfg = Debug|ARM
		{9C4750FC-F821-44AF-A1F2-81AD971C133D}.Release|Any CPU.ActiveCfg = Release|x86
		{9C4750FC-F821-44AF-A1F2-81AD971C133D}.Release|Mixed Platforms.ActiveCfg = Release|x86
		{9C4750FC-F821-44AF-A1F2-81AD971C133D}.Release|Mixed Platforms.Build.0 = Release|x86
		{9C4750FC-F821-44AF-A1F2-81AD971C133D}.Release|Mixed Platforms.Deploy.0 = Release|x86
		{9C4750FC-F821-44AF-A1F2-81AD971C133D}.Release|UWP-ARM.ActiveCfg = Release|ARM
		{9C4750FC-F821-44AF-A1F2-81AD971C133D}.Release|UWP-ARM.Build.0 = Release|ARM
		{9C4750FC-F821-44AF-A1F2-81AD971C133D}.Release|UWP-ARM.Deploy.0 = Release|ARM
		{9C4750FC-F821-44AF-A1F2-81AD971C133D}.Release|UWP-x64.ActiveCfg = Release|x64
		{9C4750FC-F821-44AF-A1F2-81AD971C133D}.Release|UWP-x64.Build.0 = Release|x64
		{9C4750FC-F821-44AF-A1F2-81AD971C133D}.Release|UWP-x64.Deploy.0 = Release|x64
		{9C4750FC-F821-44AF-A1F2-81AD971C133D}.Release|UWP-x86.ActiveCfg = Release|x86
		{9C4750FC-F821-44AF-A1F2-81AD971C133D}.Release|UWP-x86.Build.0 = Release|x86
		{9C4750FC-F821-44AF-A1F2-81AD971C133D}.Release|UWP-x86.Deploy.0 = Release|x86
		{9C4750FC-F821-44AF-A1F2-81AD971C133D}.Release|Windows.ActiveCfg = Release|x86
		{9C4750FC-F821-44AF-A1F2-81AD971C133D}.Testing|Any CPU.ActiveCfg = Testing|x86
		{9C4750FC-F821-44AF-A1F2-81AD971C133D}.Testing|Mixed Platforms.ActiveCfg = Testing|x86
		{9C4750FC-F821-44AF-A1F2-81AD971C133D}.Testing|Mixed Platforms.Build.0 = Testing|x86
		{9C4750FC-F821-44AF-A1F2-81AD971C133D}.Testing|Mixed Platforms.Deploy.0 = Testing|x86
		{9C4750FC-F821-44AF-A1F2-81AD971C133D}.Testing|UWP-ARM.ActiveCfg = Testing|ARM
		{9C4750FC-F821-44AF-A1F2-81AD971C133D}.Testing|UWP-ARM.Build.0 = Testing|ARM
		{9C4750FC-F821-44AF-A1F2-81AD971C133D}.Testing|UWP-ARM.Deploy.0 = Testing|ARM
		{9C4750FC-F821-44AF-A1F2-81AD971C133D}.Testing|UWP-x64.ActiveCfg = Testing|x64
		{9C4750FC-F821-44AF-A1F2-81AD971C133D}.Testing|UWP-x64.Build.0 = Testing|x64
		{9C4750FC-F821-44AF-A1F2-81AD971C133D}.Testing|UWP-x64.Deploy.0 = Testing|x64
		{9C4750FC-F821-44AF-A1F2-81AD971C133D}.Testing|UWP-x86.ActiveCfg = Testing|x86
		{9C4750FC-F821-44AF-A1F2-81AD971C133D}.Testing|UWP-x86.Build.0 = Testing|x86
		{9C4750FC-F821-44AF-A1F2-81AD971C133D}.Testing|UWP-x86.Deploy.0 = Testing|x86
		{9C4750FC-F821-44AF-A1F2-81AD971C133D}.Testing|Windows.ActiveCfg = Testing|x86
	EndGlobalSection
	GlobalSection(SolutionProperties) = preSolution
		HideSolutionNode = FALSE
	EndGlobalSection
	GlobalSection(NestedProjects) = preSolution
		{117F24AE-0DB8-4DFE-9095-339E1A56CA6E} = {2F9F7FC9-862A-4602-93D7-E849F658E01E}
		{6807D261-4AF2-405C-8EBF-D8A0B08C7801} = {2F9F7FC9-862A-4602-93D7-E849F658E01E}
		{9C4750FC-F821-44AF-A1F2-81AD971C133D} = {2F9F7FC9-862A-4602-93D7-E849F658E01E}
	EndGlobalSection
	GlobalSection(ExtensibilityGlobals) = postSolution
		SolutionGuid = {88E65219-5A13-4338-AC3B-7466FE314716}
	EndGlobalSection
EndGlobal
